{
  "version": 4,
  "terraform_version": "0.12.26",
  "serial": 235,
  "lineage": "fc29804d-ca45-2a90-b19a-808c772b49cf",
  "outputs": {
    "hosts": {
      "value": {
        "bionic2-192.168.122.201": [
          {
            "addresses": [
              "192.168.122.201"
            ],
            "bridge": "",
            "hostname": "",
            "mac": "52:54:00:16:5E:00",
            "macvtap": "",
            "network_id": "541424a8-ecc2-4bf1-8f2e-a35da7dd9cc8",
            "network_name": "default",
            "passthrough": "",
            "vepa": "",
            "wait_for_lease": false
          }
        ],
        "focal2-192.168.122.202": [
          {
            "addresses": [
              "192.168.122.202"
            ],
            "bridge": "",
            "hostname": "",
            "mac": "52:54:00:FA:11:E7",
            "macvtap": "",
            "network_id": "541424a8-ecc2-4bf1-8f2e-a35da7dd9cc8",
            "network_name": "default",
            "passthrough": "",
            "vepa": "",
            "wait_for_lease": false
          }
        ],
        "xenial2-192.168.122.200": [
          {
            "addresses": [
              "192.168.122.200"
            ],
            "bridge": "",
            "hostname": "",
            "mac": "52:54:00:EE:9F:1C",
            "macvtap": "",
            "network_id": "541424a8-ecc2-4bf1-8f2e-a35da7dd9cc8",
            "network_name": "default",
            "passthrough": "",
            "vepa": "",
            "wait_for_lease": false
          }
        ]
      },
      "type": [
        "object",
        {
          "bionic2-192.168.122.201": [
            "list",
            [
              "object",
              {
                "addresses": [
                  "list",
                  "string"
                ],
                "bridge": "string",
                "hostname": "string",
                "mac": "string",
                "macvtap": "string",
                "network_id": "string",
                "network_name": "string",
                "passthrough": "string",
                "vepa": "string",
                "wait_for_lease": "bool"
              }
            ]
          ],
          "focal2-192.168.122.202": [
            "list",
            [
              "object",
              {
                "addresses": [
                  "list",
                  "string"
                ],
                "bridge": "string",
                "hostname": "string",
                "mac": "string",
                "macvtap": "string",
                "network_id": "string",
                "network_name": "string",
                "passthrough": "string",
                "vepa": "string",
                "wait_for_lease": "bool"
              }
            ]
          ],
          "xenial2-192.168.122.200": [
            "list",
            [
              "object",
              {
                "addresses": [
                  "list",
                  "string"
                ],
                "bridge": "string",
                "hostname": "string",
                "mac": "string",
                "macvtap": "string",
                "network_id": "string",
                "network_name": "string",
                "passthrough": "string",
                "vepa": "string",
                "wait_for_lease": "bool"
              }
            ]
          ]
        }
      ]
    }
  },
  "resources": [
    {
      "mode": "data",
      "type": "template_file",
      "name": "network_config",
      "each": "map",
      "provider": "provider.template",
      "instances": [
        {
          "index_key": "bionic2",
          "schema_version": 0,
          "attributes": {
            "filename": null,
            "id": "611ca4d3e2412ae3707bfabfbe770b18131c7949123d5dd161fa768124856c1e",
            "rendered": "version: 2\nethernets:\n  ens3:\n     dhcp4: false\n     # default libvirt network\n     addresses: [ 192.168.122.201/24 ]\n     gateway4: 192.168.122.1\n     nameservers:\n       addresses: [ 192.168.122.1 ]\n       search: [ fabian.lee ]\n",
            "template": "version: 2\nethernets:\n  ens3:\n     dhcp4: false\n     # default libvirt network\n     addresses: [ ${prefixIP}.${octetIP}/24 ]\n     gateway4: ${prefixIP}.1\n     nameservers:\n       addresses: [ ${prefixIP}.1 ]\n       search: [ ${domain} ]\n",
            "vars": {
              "domain": "fabian.lee",
              "octetIP": "201",
              "prefixIP": "192.168.122"
            }
          }
        },
        {
          "index_key": "focal2",
          "schema_version": 0,
          "attributes": {
            "filename": null,
            "id": "be021438338ded747303f95c75b3503b854bdf15ef0c1f90b6e94f3125309b73",
            "rendered": "version: 2\nethernets:\n  ens3:\n     dhcp4: false\n     # default libvirt network\n     addresses: [ 192.168.122.202/24 ]\n     gateway4: 192.168.122.1\n     nameservers:\n       addresses: [ 192.168.122.1 ]\n       search: [ fabian.lee ]\n",
            "template": "version: 2\nethernets:\n  ens3:\n     dhcp4: false\n     # default libvirt network\n     addresses: [ ${prefixIP}.${octetIP}/24 ]\n     gateway4: ${prefixIP}.1\n     nameservers:\n       addresses: [ ${prefixIP}.1 ]\n       search: [ ${domain} ]\n",
            "vars": {
              "domain": "fabian.lee",
              "octetIP": "202",
              "prefixIP": "192.168.122"
            }
          }
        },
        {
          "index_key": "xenial2",
          "schema_version": 0,
          "attributes": {
            "filename": null,
            "id": "117272e2e1176f56decc3676a3379c283f248626df5de8249d8c7545cb33dc22",
            "rendered": "version: 2\nethernets:\n  ens3:\n     dhcp4: false\n     # default libvirt network\n     addresses: [ 192.168.122.200/24 ]\n     gateway4: 192.168.122.1\n     nameservers:\n       addresses: [ 192.168.122.1 ]\n       search: [ fabian.lee ]\n",
            "template": "version: 2\nethernets:\n  ens3:\n     dhcp4: false\n     # default libvirt network\n     addresses: [ ${prefixIP}.${octetIP}/24 ]\n     gateway4: ${prefixIP}.1\n     nameservers:\n       addresses: [ ${prefixIP}.1 ]\n       search: [ ${domain} ]\n",
            "vars": {
              "domain": "fabian.lee",
              "octetIP": "200",
              "prefixIP": "192.168.122"
            }
          }
        }
      ]
    },
    {
      "mode": "data",
      "type": "template_file",
      "name": "user_data",
      "each": "map",
      "provider": "provider.template",
      "instances": [
        {
          "index_key": "bionic2",
          "schema_version": 0,
          "attributes": {
            "filename": null,
            "id": "f9892fa6fe5fe3359e83d18812d12cf136b99947db705f43c8b85400dd0b62d9",
            "rendered": "#cloud-config\nhostname: bionic2\nfqdn: bionic2.fabian.lee\nmanage_etc_hosts: true\n\nusers:\n  - name: ubuntu\n    sudo: [ 'ALL=(ALL) NOPASSWD:ALL' ]\n    groups: users, admin, sudo\n    home: /home/ubuntu\n    shell: /bin/bash\n    lock_passwd: false\n    ssh-authorized-keys:\n      - ssh-rsa AAAAB3NzaC1yc2EAAAADAQABAAACAQDlI52Zqbet66UfAka1sJvsEFjpL/ExdRLA2C+U7r8LxLM4CSqVInvYsjVRce3zINjPFOZ04Jm3J2J2udm3XaJuUhshPVOp8RjyL4Ylusvvga3pbgfl1NwvLZs8frXH0Kk5Ft4sPrEU6POfp6vBXc/EP52ueGWBBilUxYUujy2MN1kc12OQL/Ms7u46LUofKgcSQovuP3bRcbgWAyouuB1Xsf806YNU8KRGv2Vz9nMpfamSwDfuMsfdFLJdQx1sv4Kp/JzsMq+fQ3uPAp5kMK8JvVpoNpFmJAQUgo918HdboOmQLj5umwoG6vHdk1wWNyJKmszN8wFSLaO4VHsgUj8MF0JsujdeL9LGFN+IuDwU/yV/Wz2e6P3VmZX37BVOqtW7cEeYxM3DkJ+cDR/Bd3KNsq9qXs5k/6NN0fF/gmrwX6c+MMHUzDD/Sl0ngr9dCeg0iw7aYOa9LpRBdnVkuyoTSHFR/HtZR1hcmrRgANY2IyElW3c1fHJ7EpCqdkqWnU0eqQ99dxty2TR/uNNWl75FkSOHQHZ/u3cg3UeB5vuQmeWLmaffLojWvgzUSMzYkVomAWQd/LRkDaXeMrTQ4F4iwjtdeda2bMp2qiRtgDg3RgQiYOl/U5hsiSOnSBiZZN5sVa3zVF5mLsGZUZMHTjiSwiRQtV2rqjWBWUPoYs7y5Q== tf-create\n\n# false=only cert auth via ssh (console access can still login)\nssh_pwauth: false\ndisable_root: false\nchpasswd:\n  list: |\n    ubuntu:linux\n  expire: False\n\npackage_update: true\npackages:\n  - qemu-guest-agent\n# every boot\nbootcmd:\n  - [ sh, -c, 'echo $(date) | sudo tee -a /root/bootcmd.log' ]\n# run once for setup\nruncmd:\n  - [ sh, -c, 'echo $(date) | sudo tee -a /root/runcmd.log' ]\n# written to /var/log/cloud-init-output.log\nfinal_message: \"The system is now up, after $UPTIME seconds\"\n",
            "template": "#cloud-config\nhostname: ${hostname}\nfqdn: ${fqdn}\nmanage_etc_hosts: true\n\nusers:\n  - name: ubuntu\n    sudo: [ 'ALL=(ALL) NOPASSWD:ALL' ]\n    groups: users, admin, sudo\n    home: /home/ubuntu\n    shell: /bin/bash\n    lock_passwd: false\n    ssh-authorized-keys:\n      - ${file(\"id_rsa.pub\")}\n# false=only cert auth via ssh (console access can still login)\nssh_pwauth: false\ndisable_root: false\nchpasswd:\n  list: |\n    ubuntu:${password}\n  expire: False\n\npackage_update: true\npackages:\n  - qemu-guest-agent\n# every boot\nbootcmd:\n  - [ sh, -c, 'echo $(date) | sudo tee -a /root/bootcmd.log' ]\n# run once for setup\nruncmd:\n  - [ sh, -c, 'echo $(date) | sudo tee -a /root/runcmd.log' ]\n# written to /var/log/cloud-init-output.log\nfinal_message: \"The system is now up, after $UPTIME seconds\"\n",
            "vars": {
              "fqdn": "bionic2.fabian.lee",
              "hostname": "bionic2",
              "password": "linux"
            }
          }
        },
        {
          "index_key": "focal2",
          "schema_version": 0,
          "attributes": {
            "filename": null,
            "id": "e1150fc4b4b80f7a2a5b3e90c65a565e86d15e21db88803a0fee6eb855e55699",
            "rendered": "#cloud-config\nhostname: focal2\nfqdn: focal2.fabian.lee\nmanage_etc_hosts: true\n\nusers:\n  - name: ubuntu\n    sudo: [ 'ALL=(ALL) NOPASSWD:ALL' ]\n    groups: users, admin, sudo\n    home: /home/ubuntu\n    shell: /bin/bash\n    lock_passwd: false\n    ssh-authorized-keys:\n      - ssh-rsa AAAAB3NzaC1yc2EAAAADAQABAAACAQDlI52Zqbet66UfAka1sJvsEFjpL/ExdRLA2C+U7r8LxLM4CSqVInvYsjVRce3zINjPFOZ04Jm3J2J2udm3XaJuUhshPVOp8RjyL4Ylusvvga3pbgfl1NwvLZs8frXH0Kk5Ft4sPrEU6POfp6vBXc/EP52ueGWBBilUxYUujy2MN1kc12OQL/Ms7u46LUofKgcSQovuP3bRcbgWAyouuB1Xsf806YNU8KRGv2Vz9nMpfamSwDfuMsfdFLJdQx1sv4Kp/JzsMq+fQ3uPAp5kMK8JvVpoNpFmJAQUgo918HdboOmQLj5umwoG6vHdk1wWNyJKmszN8wFSLaO4VHsgUj8MF0JsujdeL9LGFN+IuDwU/yV/Wz2e6P3VmZX37BVOqtW7cEeYxM3DkJ+cDR/Bd3KNsq9qXs5k/6NN0fF/gmrwX6c+MMHUzDD/Sl0ngr9dCeg0iw7aYOa9LpRBdnVkuyoTSHFR/HtZR1hcmrRgANY2IyElW3c1fHJ7EpCqdkqWnU0eqQ99dxty2TR/uNNWl75FkSOHQHZ/u3cg3UeB5vuQmeWLmaffLojWvgzUSMzYkVomAWQd/LRkDaXeMrTQ4F4iwjtdeda2bMp2qiRtgDg3RgQiYOl/U5hsiSOnSBiZZN5sVa3zVF5mLsGZUZMHTjiSwiRQtV2rqjWBWUPoYs7y5Q== tf-create\n\n# false=only cert auth via ssh (console access can still login)\nssh_pwauth: false\ndisable_root: false\nchpasswd:\n  list: |\n    ubuntu:linux\n  expire: False\n\npackage_update: true\npackages:\n  - qemu-guest-agent\n# every boot\nbootcmd:\n  - [ sh, -c, 'echo $(date) | sudo tee -a /root/bootcmd.log' ]\n# run once for setup\nruncmd:\n  - [ sh, -c, 'echo $(date) | sudo tee -a /root/runcmd.log' ]\n# written to /var/log/cloud-init-output.log\nfinal_message: \"The system is now up, after $UPTIME seconds\"\n",
            "template": "#cloud-config\nhostname: ${hostname}\nfqdn: ${fqdn}\nmanage_etc_hosts: true\n\nusers:\n  - name: ubuntu\n    sudo: [ 'ALL=(ALL) NOPASSWD:ALL' ]\n    groups: users, admin, sudo\n    home: /home/ubuntu\n    shell: /bin/bash\n    lock_passwd: false\n    ssh-authorized-keys:\n      - ${file(\"id_rsa.pub\")}\n# false=only cert auth via ssh (console access can still login)\nssh_pwauth: false\ndisable_root: false\nchpasswd:\n  list: |\n    ubuntu:${password}\n  expire: False\n\npackage_update: true\npackages:\n  - qemu-guest-agent\n# every boot\nbootcmd:\n  - [ sh, -c, 'echo $(date) | sudo tee -a /root/bootcmd.log' ]\n# run once for setup\nruncmd:\n  - [ sh, -c, 'echo $(date) | sudo tee -a /root/runcmd.log' ]\n# written to /var/log/cloud-init-output.log\nfinal_message: \"The system is now up, after $UPTIME seconds\"\n",
            "vars": {
              "fqdn": "focal2.fabian.lee",
              "hostname": "focal2",
              "password": "linux"
            }
          }
        },
        {
          "index_key": "xenial2",
          "schema_version": 0,
          "attributes": {
            "filename": null,
            "id": "a5621533ad6bc4371179b16fa8b0848a7f4665dc36fd032cddd22cb463256bd1",
            "rendered": "#cloud-config\nhostname: xenial2\nfqdn: xenial2.fabian.lee\nmanage_etc_hosts: true\n\nusers:\n  - name: ubuntu\n    sudo: [ 'ALL=(ALL) NOPASSWD:ALL' ]\n    groups: users, admin, sudo\n    home: /home/ubuntu\n    shell: /bin/bash\n    lock_passwd: false\n    ssh-authorized-keys:\n      - ssh-rsa AAAAB3NzaC1yc2EAAAADAQABAAACAQDlI52Zqbet66UfAka1sJvsEFjpL/ExdRLA2C+U7r8LxLM4CSqVInvYsjVRce3zINjPFOZ04Jm3J2J2udm3XaJuUhshPVOp8RjyL4Ylusvvga3pbgfl1NwvLZs8frXH0Kk5Ft4sPrEU6POfp6vBXc/EP52ueGWBBilUxYUujy2MN1kc12OQL/Ms7u46LUofKgcSQovuP3bRcbgWAyouuB1Xsf806YNU8KRGv2Vz9nMpfamSwDfuMsfdFLJdQx1sv4Kp/JzsMq+fQ3uPAp5kMK8JvVpoNpFmJAQUgo918HdboOmQLj5umwoG6vHdk1wWNyJKmszN8wFSLaO4VHsgUj8MF0JsujdeL9LGFN+IuDwU/yV/Wz2e6P3VmZX37BVOqtW7cEeYxM3DkJ+cDR/Bd3KNsq9qXs5k/6NN0fF/gmrwX6c+MMHUzDD/Sl0ngr9dCeg0iw7aYOa9LpRBdnVkuyoTSHFR/HtZR1hcmrRgANY2IyElW3c1fHJ7EpCqdkqWnU0eqQ99dxty2TR/uNNWl75FkSOHQHZ/u3cg3UeB5vuQmeWLmaffLojWvgzUSMzYkVomAWQd/LRkDaXeMrTQ4F4iwjtdeda2bMp2qiRtgDg3RgQiYOl/U5hsiSOnSBiZZN5sVa3zVF5mLsGZUZMHTjiSwiRQtV2rqjWBWUPoYs7y5Q== tf-create\n\n# false=only cert auth via ssh (console access can still login)\nssh_pwauth: false\ndisable_root: false\nchpasswd:\n  list: |\n    ubuntu:linux\n  expire: False\n\npackage_update: true\npackages:\n  - qemu-guest-agent\n# every boot\nbootcmd:\n  - [ sh, -c, 'echo $(date) | sudo tee -a /root/bootcmd.log' ]\n# run once for setup\nruncmd:\n  - [ sh, -c, 'echo $(date) | sudo tee -a /root/runcmd.log' ]\n# written to /var/log/cloud-init-output.log\nfinal_message: \"The system is now up, after $UPTIME seconds\"\n",
            "template": "#cloud-config\nhostname: ${hostname}\nfqdn: ${fqdn}\nmanage_etc_hosts: true\n\nusers:\n  - name: ubuntu\n    sudo: [ 'ALL=(ALL) NOPASSWD:ALL' ]\n    groups: users, admin, sudo\n    home: /home/ubuntu\n    shell: /bin/bash\n    lock_passwd: false\n    ssh-authorized-keys:\n      - ${file(\"id_rsa.pub\")}\n# false=only cert auth via ssh (console access can still login)\nssh_pwauth: false\ndisable_root: false\nchpasswd:\n  list: |\n    ubuntu:${password}\n  expire: False\n\npackage_update: true\npackages:\n  - qemu-guest-agent\n# every boot\nbootcmd:\n  - [ sh, -c, 'echo $(date) | sudo tee -a /root/bootcmd.log' ]\n# run once for setup\nruncmd:\n  - [ sh, -c, 'echo $(date) | sudo tee -a /root/runcmd.log' ]\n# written to /var/log/cloud-init-output.log\nfinal_message: \"The system is now up, after $UPTIME seconds\"\n",
            "vars": {
              "fqdn": "xenial2.fabian.lee",
              "hostname": "xenial2",
              "password": "linux"
            }
          }
        }
      ]
    },
    {
      "mode": "managed",
      "type": "libvirt_cloudinit_disk",
      "name": "commoninit",
      "each": "map",
      "provider": "provider.libvirt",
      "instances": [
        {
          "index_key": "bionic2",
          "schema_version": 0,
          "attributes": {
            "id": "/data/kvm/pool/bionic2-commoninit.iso;5ff78fd9-5972-32f6-e5c0-f5fd959d87ff",
            "meta_data": "",
            "name": "bionic2-commoninit.iso",
            "network_config": "version: 2\nethernets:\n  ens3:\n     dhcp4: false\n     # default libvirt network\n     addresses: [ 192.168.122.201/24 ]\n     gateway4: 192.168.122.1\n     nameservers:\n       addresses: [ 192.168.122.1 ]\n       search: [ fabian.lee ]\n",
            "pool": "default",
            "user_data": "#cloud-config\nhostname: bionic2\nfqdn: bionic2.fabian.lee\nmanage_etc_hosts: true\n\nusers:\n  - name: ubuntu\n    sudo: [ 'ALL=(ALL) NOPASSWD:ALL' ]\n    groups: users, admin, sudo\n    home: /home/ubuntu\n    shell: /bin/bash\n    lock_passwd: false\n    ssh-authorized-keys:\n      - ssh-rsa AAAAB3NzaC1yc2EAAAADAQABAAACAQDlI52Zqbet66UfAka1sJvsEFjpL/ExdRLA2C+U7r8LxLM4CSqVInvYsjVRce3zINjPFOZ04Jm3J2J2udm3XaJuUhshPVOp8RjyL4Ylusvvga3pbgfl1NwvLZs8frXH0Kk5Ft4sPrEU6POfp6vBXc/EP52ueGWBBilUxYUujy2MN1kc12OQL/Ms7u46LUofKgcSQovuP3bRcbgWAyouuB1Xsf806YNU8KRGv2Vz9nMpfamSwDfuMsfdFLJdQx1sv4Kp/JzsMq+fQ3uPAp5kMK8JvVpoNpFmJAQUgo918HdboOmQLj5umwoG6vHdk1wWNyJKmszN8wFSLaO4VHsgUj8MF0JsujdeL9LGFN+IuDwU/yV/Wz2e6P3VmZX37BVOqtW7cEeYxM3DkJ+cDR/Bd3KNsq9qXs5k/6NN0fF/gmrwX6c+MMHUzDD/Sl0ngr9dCeg0iw7aYOa9LpRBdnVkuyoTSHFR/HtZR1hcmrRgANY2IyElW3c1fHJ7EpCqdkqWnU0eqQ99dxty2TR/uNNWl75FkSOHQHZ/u3cg3UeB5vuQmeWLmaffLojWvgzUSMzYkVomAWQd/LRkDaXeMrTQ4F4iwjtdeda2bMp2qiRtgDg3RgQiYOl/U5hsiSOnSBiZZN5sVa3zVF5mLsGZUZMHTjiSwiRQtV2rqjWBWUPoYs7y5Q== tf-create\n\n# false=only cert auth via ssh (console access can still login)\nssh_pwauth: false\ndisable_root: false\nchpasswd:\n  list: |\n    ubuntu:linux\n  expire: False\n\npackage_update: true\npackages:\n  - qemu-guest-agent\n# every boot\nbootcmd:\n  - [ sh, -c, 'echo $(date) | sudo tee -a /root/bootcmd.log' ]\n# run once for setup\nruncmd:\n  - [ sh, -c, 'echo $(date) | sudo tee -a /root/runcmd.log' ]\n# written to /var/log/cloud-init-output.log\nfinal_message: \"The system is now up, after $UPTIME seconds\"\n"
          },
          "private": "bnVsbA=="
        },
        {
          "index_key": "focal2",
          "schema_version": 0,
          "attributes": {
            "id": "/data/kvm/pool/focal2-commoninit.iso;5ff78fd9-6a59-3871-768a-ec249920be71",
            "meta_data": "",
            "name": "focal2-commoninit.iso",
            "network_config": "version: 2\nethernets:\n  ens3:\n     dhcp4: false\n     # default libvirt network\n     addresses: [ 192.168.122.202/24 ]\n     gateway4: 192.168.122.1\n     nameservers:\n       addresses: [ 192.168.122.1 ]\n       search: [ fabian.lee ]\n",
            "pool": "default",
            "user_data": "#cloud-config\nhostname: focal2\nfqdn: focal2.fabian.lee\nmanage_etc_hosts: true\n\nusers:\n  - name: ubuntu\n    sudo: [ 'ALL=(ALL) NOPASSWD:ALL' ]\n    groups: users, admin, sudo\n    home: /home/ubuntu\n    shell: /bin/bash\n    lock_passwd: false\n    ssh-authorized-keys:\n      - ssh-rsa AAAAB3NzaC1yc2EAAAADAQABAAACAQDlI52Zqbet66UfAka1sJvsEFjpL/ExdRLA2C+U7r8LxLM4CSqVInvYsjVRce3zINjPFOZ04Jm3J2J2udm3XaJuUhshPVOp8RjyL4Ylusvvga3pbgfl1NwvLZs8frXH0Kk5Ft4sPrEU6POfp6vBXc/EP52ueGWBBilUxYUujy2MN1kc12OQL/Ms7u46LUofKgcSQovuP3bRcbgWAyouuB1Xsf806YNU8KRGv2Vz9nMpfamSwDfuMsfdFLJdQx1sv4Kp/JzsMq+fQ3uPAp5kMK8JvVpoNpFmJAQUgo918HdboOmQLj5umwoG6vHdk1wWNyJKmszN8wFSLaO4VHsgUj8MF0JsujdeL9LGFN+IuDwU/yV/Wz2e6P3VmZX37BVOqtW7cEeYxM3DkJ+cDR/Bd3KNsq9qXs5k/6NN0fF/gmrwX6c+MMHUzDD/Sl0ngr9dCeg0iw7aYOa9LpRBdnVkuyoTSHFR/HtZR1hcmrRgANY2IyElW3c1fHJ7EpCqdkqWnU0eqQ99dxty2TR/uNNWl75FkSOHQHZ/u3cg3UeB5vuQmeWLmaffLojWvgzUSMzYkVomAWQd/LRkDaXeMrTQ4F4iwjtdeda2bMp2qiRtgDg3RgQiYOl/U5hsiSOnSBiZZN5sVa3zVF5mLsGZUZMHTjiSwiRQtV2rqjWBWUPoYs7y5Q== tf-create\n\n# false=only cert auth via ssh (console access can still login)\nssh_pwauth: false\ndisable_root: false\nchpasswd:\n  list: |\n    ubuntu:linux\n  expire: False\n\npackage_update: true\npackages:\n  - qemu-guest-agent\n# every boot\nbootcmd:\n  - [ sh, -c, 'echo $(date) | sudo tee -a /root/bootcmd.log' ]\n# run once for setup\nruncmd:\n  - [ sh, -c, 'echo $(date) | sudo tee -a /root/runcmd.log' ]\n# written to /var/log/cloud-init-output.log\nfinal_message: \"The system is now up, after $UPTIME seconds\"\n"
          },
          "private": "bnVsbA=="
        },
        {
          "index_key": "xenial2",
          "schema_version": 0,
          "attributes": {
            "id": "/data/kvm/pool/xenial2-commoninit.iso;5ff78fd9-d8c3-73f7-0246-9435ba1adfd8",
            "meta_data": "",
            "name": "xenial2-commoninit.iso",
            "network_config": "version: 2\nethernets:\n  ens3:\n     dhcp4: false\n     # default libvirt network\n     addresses: [ 192.168.122.200/24 ]\n     gateway4: 192.168.122.1\n     nameservers:\n       addresses: [ 192.168.122.1 ]\n       search: [ fabian.lee ]\n",
            "pool": "default",
            "user_data": "#cloud-config\nhostname: xenial2\nfqdn: xenial2.fabian.lee\nmanage_etc_hosts: true\n\nusers:\n  - name: ubuntu\n    sudo: [ 'ALL=(ALL) NOPASSWD:ALL' ]\n    groups: users, admin, sudo\n    home: /home/ubuntu\n    shell: /bin/bash\n    lock_passwd: false\n    ssh-authorized-keys:\n      - ssh-rsa AAAAB3NzaC1yc2EAAAADAQABAAACAQDlI52Zqbet66UfAka1sJvsEFjpL/ExdRLA2C+U7r8LxLM4CSqVInvYsjVRce3zINjPFOZ04Jm3J2J2udm3XaJuUhshPVOp8RjyL4Ylusvvga3pbgfl1NwvLZs8frXH0Kk5Ft4sPrEU6POfp6vBXc/EP52ueGWBBilUxYUujy2MN1kc12OQL/Ms7u46LUofKgcSQovuP3bRcbgWAyouuB1Xsf806YNU8KRGv2Vz9nMpfamSwDfuMsfdFLJdQx1sv4Kp/JzsMq+fQ3uPAp5kMK8JvVpoNpFmJAQUgo918HdboOmQLj5umwoG6vHdk1wWNyJKmszN8wFSLaO4VHsgUj8MF0JsujdeL9LGFN+IuDwU/yV/Wz2e6P3VmZX37BVOqtW7cEeYxM3DkJ+cDR/Bd3KNsq9qXs5k/6NN0fF/gmrwX6c+MMHUzDD/Sl0ngr9dCeg0iw7aYOa9LpRBdnVkuyoTSHFR/HtZR1hcmrRgANY2IyElW3c1fHJ7EpCqdkqWnU0eqQ99dxty2TR/uNNWl75FkSOHQHZ/u3cg3UeB5vuQmeWLmaffLojWvgzUSMzYkVomAWQd/LRkDaXeMrTQ4F4iwjtdeda2bMp2qiRtgDg3RgQiYOl/U5hsiSOnSBiZZN5sVa3zVF5mLsGZUZMHTjiSwiRQtV2rqjWBWUPoYs7y5Q== tf-create\n\n# false=only cert auth via ssh (console access can still login)\nssh_pwauth: false\ndisable_root: false\nchpasswd:\n  list: |\n    ubuntu:linux\n  expire: False\n\npackage_update: true\npackages:\n  - qemu-guest-agent\n# every boot\nbootcmd:\n  - [ sh, -c, 'echo $(date) | sudo tee -a /root/bootcmd.log' ]\n# run once for setup\nruncmd:\n  - [ sh, -c, 'echo $(date) | sudo tee -a /root/runcmd.log' ]\n# written to /var/log/cloud-init-output.log\nfinal_message: \"The system is now up, after $UPTIME seconds\"\n"
          },
          "private": "bnVsbA=="
        }
      ]
    },
    {
      "mode": "managed",
      "type": "libvirt_domain",
      "name": "domain-ubuntu",
      "each": "map",
      "provider": "provider.libvirt",
      "instances": [
        {
          "index_key": "bionic2",
          "schema_version": 0,
          "attributes": {
            "arch": "x86_64",
            "autostart": false,
            "boot_device": [],
            "cloudinit": "/data/kvm/pool/bionic2-commoninit.iso;5ff78fd9-5972-32f6-e5c0-f5fd959d87ff",
            "cmdline": [],
            "console": [
              {
                "source_host": "127.0.0.1",
                "source_path": "",
                "source_service": "0",
                "target_port": "0",
                "target_type": "serial",
                "type": "pty"
              }
            ],
            "coreos_ignition": null,
            "cpu": null,
            "disk": [
              {
                "block_device": "",
                "file": "",
                "scsi": false,
                "url": "",
                "volume_id": "/data/kvm/pool/bionic2-os_image",
                "wwn": ""
              }
            ],
            "emulator": "/usr/bin/kvm-spice",
            "filesystem": [],
            "firmware": "",
            "fw_cfg_name": "opt/com.coreos/config",
            "graphics": [
              {
                "autoport": true,
                "listen_address": "127.0.0.1",
                "listen_type": "address",
                "type": "spice"
              }
            ],
            "id": "5f31a8a8-e372-412e-aba7-0cbad72b1ee0",
            "initrd": "",
            "kernel": "",
            "machine": "ubuntu",
            "memory": 2048,
            "metadata": null,
            "name": "bionic2-192.168.122.201",
            "network_interface": [
              {
                "addresses": [
                  "192.168.122.201"
                ],
                "bridge": "",
                "hostname": "",
                "mac": "52:54:00:16:5E:00",
                "macvtap": "",
                "network_id": "541424a8-ecc2-4bf1-8f2e-a35da7dd9cc8",
                "network_name": "default",
                "passthrough": "",
                "vepa": "",
                "wait_for_lease": false
              }
            ],
            "nvram": [],
            "qemu_agent": false,
            "running": true,
            "timeouts": null,
            "vcpu": 2,
            "video": [],
            "xml": []
          },
          "private": "eyJlMmJmYjczMC1lY2FhLTExZTYtOGY4OC0zNDM2M2JjN2M0YzAiOnsiY3JlYXRlIjozMDAwMDAwMDAwMDB9fQ==",
          "dependencies": [
            "libvirt_cloudinit_disk.commoninit",
            "libvirt_volume.os_image"
          ]
        },
        {
          "index_key": "focal2",
          "schema_version": 0,
          "attributes": {
            "arch": "x86_64",
            "autostart": false,
            "boot_device": [],
            "cloudinit": "/data/kvm/pool/focal2-commoninit.iso;5ff78fd9-6a59-3871-768a-ec249920be71",
            "cmdline": [],
            "console": [
              {
                "source_host": "127.0.0.1",
                "source_path": "",
                "source_service": "0",
                "target_port": "0",
                "target_type": "serial",
                "type": "pty"
              }
            ],
            "coreos_ignition": null,
            "cpu": null,
            "disk": [
              {
                "block_device": "",
                "file": "",
                "scsi": false,
                "url": "",
                "volume_id": "/data/kvm/pool/focal2-os_image",
                "wwn": ""
              }
            ],
            "emulator": "/usr/bin/kvm-spice",
            "filesystem": [],
            "firmware": "",
            "fw_cfg_name": "opt/com.coreos/config",
            "graphics": [
              {
                "autoport": true,
                "listen_address": "127.0.0.1",
                "listen_type": "address",
                "type": "spice"
              }
            ],
            "id": "bf807571-8d1c-4261-a947-ebaf274eda0c",
            "initrd": "",
            "kernel": "",
            "machine": "ubuntu",
            "memory": 2048,
            "metadata": null,
            "name": "focal2-192.168.122.202",
            "network_interface": [
              {
                "addresses": [
                  "192.168.122.202"
                ],
                "bridge": "",
                "hostname": "",
                "mac": "52:54:00:FA:11:E7",
                "macvtap": "",
                "network_id": "541424a8-ecc2-4bf1-8f2e-a35da7dd9cc8",
                "network_name": "default",
                "passthrough": "",
                "vepa": "",
                "wait_for_lease": false
              }
            ],
            "nvram": [],
            "qemu_agent": false,
            "running": true,
            "timeouts": null,
            "vcpu": 2,
            "video": [],
            "xml": []
          },
          "private": "eyJlMmJmYjczMC1lY2FhLTExZTYtOGY4OC0zNDM2M2JjN2M0YzAiOnsiY3JlYXRlIjozMDAwMDAwMDAwMDB9fQ==",
          "dependencies": [
            "libvirt_cloudinit_disk.commoninit",
            "libvirt_volume.os_image"
          ]
        },
        {
          "index_key": "xenial2",
          "schema_version": 0,
          "attributes": {
            "arch": "x86_64",
            "autostart": false,
            "boot_device": [],
            "cloudinit": "/data/kvm/pool/xenial2-commoninit.iso;5ff78fd9-d8c3-73f7-0246-9435ba1adfd8",
            "cmdline": [],
            "console": [
              {
                "source_host": "127.0.0.1",
                "source_path": "",
                "source_service": "0",
                "target_port": "0",
                "target_type": "serial",
                "type": "pty"
              }
            ],
            "coreos_ignition": null,
            "cpu": null,
            "disk": [
              {
                "block_device": "",
                "file": "",
                "scsi": false,
                "url": "",
                "volume_id": "/data/kvm/pool/xenial2-os_image",
                "wwn": ""
              }
            ],
            "emulator": "/usr/bin/kvm-spice",
            "filesystem": [],
            "firmware": "",
            "fw_cfg_name": "opt/com.coreos/config",
            "graphics": [
              {
                "autoport": true,
                "listen_address": "127.0.0.1",
                "listen_type": "address",
                "type": "spice"
              }
            ],
            "id": "dd48dcb7-1fef-4266-95ad-be127f977358",
            "initrd": "",
            "kernel": "",
            "machine": "ubuntu",
            "memory": 2048,
            "metadata": null,
            "name": "xenial2-192.168.122.200",
            "network_interface": [
              {
                "addresses": [
                  "192.168.122.200"
                ],
                "bridge": "",
                "hostname": "",
                "mac": "52:54:00:EE:9F:1C",
                "macvtap": "",
                "network_id": "541424a8-ecc2-4bf1-8f2e-a35da7dd9cc8",
                "network_name": "default",
                "passthrough": "",
                "vepa": "",
                "wait_for_lease": false
              }
            ],
            "nvram": [],
            "qemu_agent": false,
            "running": true,
            "timeouts": null,
            "vcpu": 2,
            "video": [],
            "xml": []
          },
          "private": "eyJlMmJmYjczMC1lY2FhLTExZTYtOGY4OC0zNDM2M2JjN2M0YzAiOnsiY3JlYXRlIjozMDAwMDAwMDAwMDB9fQ==",
          "dependencies": [
            "libvirt_cloudinit_disk.commoninit",
            "libvirt_volume.os_image"
          ]
        }
      ]
    },
    {
      "mode": "managed",
      "type": "libvirt_volume",
      "name": "os_image",
      "each": "map",
      "provider": "provider.libvirt",
      "instances": [
        {
          "index_key": "bionic2",
          "schema_version": 0,
          "attributes": {
            "base_volume_id": null,
            "base_volume_name": null,
            "base_volume_pool": null,
            "format": "qcow2",
            "id": "/data/kvm/pool/bionic2-os_image",
            "name": "bionic2-os_image",
            "pool": "default",
            "size": 2361393152,
            "source": "https://cloud-images.ubuntu.com/bionic/current/bionic-server-cloudimg-amd64.img",
            "xml": []
          },
          "private": "bnVsbA=="
        },
        {
          "index_key": "focal2",
          "schema_version": 0,
          "attributes": {
            "base_volume_id": null,
            "base_volume_name": null,
            "base_volume_pool": null,
            "format": "qcow2",
            "id": "/data/kvm/pool/focal2-os_image",
            "name": "focal2-os_image",
            "pool": "default",
            "size": 2361393152,
            "source": "https://cloud-images.ubuntu.com/focal/current/focal-server-cloudimg-amd64.img",
            "xml": []
          },
          "private": "bnVsbA=="
        },
        {
          "index_key": "xenial2",
          "schema_version": 0,
          "attributes": {
            "base_volume_id": null,
            "base_volume_name": null,
            "base_volume_pool": null,
            "format": "qcow2",
            "id": "/data/kvm/pool/xenial2-os_image",
            "name": "xenial2-os_image",
            "pool": "default",
            "size": 2361393152,
            "source": "https://cloud-images.ubuntu.com/xenial/current/xenial-server-cloudimg-amd64-disk1.img",
            "xml": []
          },
          "private": "bnVsbA=="
        }
      ]
    }
  ]
}
